
Microsoft Visual Studio Solution File, Format Version 12.00
# Visual Studio Version 17
VisualStudioVersion = 17.7.34003.232
MinimumVisualStudioVersion = 10.0.40219.1
Project("{FAE04EC0-301F-11D3-BF4B-00C04F79EFBC}") = "MV06", "MV06.csproj", "{8FB8F673-567C-4C39-AF7A-5CEEAC25DAC3}"
EndProject
Global
	GlobalSection(SolutionConfigurationPlatforms) = preSolution
		Debug|Any CPU = Debug|Any CPU
		Release|Any CPU = Release|Any CPU
	EndGlobalSection
	GlobalSection(ProjectConfigurationPlatforms) = postSolution
		{8FB8F673-567C-4C39-AF7A-5CEEAC25DAC3}.Debug|Any CPU.ActiveCfg = Debug|Any CPU
		{8FB8F673-567C-4C39-AF7A-5CEEAC25DAC3}.Debug|Any CPU.Build.0 = Debug|Any CPU
		{8FB8F673-567C-4C39-AF7A-5CEEAC25DAC3}.Release|Any CPU.ActiveCfg = Release|Any CPU
		{8FB8F673-567C-4C39-AF7A-5CEEAC25DAC3}.Release|Any CPU.Build.0 = Release|Any CPU
	EndGlobalSection
	GlobalSection(SolutionProperties) = preSolution
		HideSolutionNode = FALSE
	EndGlobalSection
	GlobalSection(ExtensibilityGlobals) = postSolution
		SolutionGuid = {CBAEFE7F-64E9-46D2-8346-F2909BE9A4DD}
	EndGlobalSection
EndGlobal
